
Microsoft Visual Studio Solution File, Format Version 12.00
# Visual Studio Version 16
VisualStudioVersion = 16.0.29911.84
MinimumVisualStudioVersion = 10.0.40219.1
Project("{9A19103F-16F7-4668-BE54-9A1E7A4F7556}") = "Assignment 7 Q1", "Assignment 7 Q1\Assignment 7 Q1.csproj", "{A9657F7B-B8CD-461A-A90D-A8358DCAAA5A}"
EndProject
Project("{9A19103F-16F7-4668-BE54-9A1E7A4F7556}") = "Q2", "Q2\Q2.csproj", "{76FC6EB9-6D24-4968-9581-03032F251AD5}"
EndProject
Project("{9A19103F-16F7-4668-BE54-9A1E7A4F7556}") = "Q3", "Q5\Q3.csproj", "{D65BC192-B857-43E2-B0E9-60FECB171443}"
EndProject
Project("{9A19103F-16F7-4668-BE54-9A1E7A4F7556}") = "Q4", "Q4\Q4.csproj", "{E2DDD123-BFDC-473B-965B-1247A172C771}"
EndProject
Project("{9A19103F-16F7-4668-BE54-9A1E7A4F7556}") = "Q5@", "Q5@\Q5@.csproj", "{BC182227-160C-4EC4-895F-01268265F578}"
EndProject
Project("{9A19103F-16F7-4668-BE54-9A1E7A4F7556}") = "Q6", "Q6\Q6.csproj", "{C4F980A6-FACD-4257-804B-1B4195572547}"
EndProject
Project("{9A19103F-16F7-4668-BE54-9A1E7A4F7556}") = "Q7", "Q7\Q7.csproj", "{AB908F2A-B2CB-440F-AED1-93C0E12CB337}"
EndProject
Project("{9A19103F-16F7-4668-BE54-9A1E7A4F7556}") = "Q8", "Q8\Q8.csproj", "{1A9B6B65-3A30-4A7D-BBB0-BD4F7BB8A3ED}"
EndProject
Project("{9A19103F-16F7-4668-BE54-9A1E7A4F7556}") = "Q9", "Q9\Q9.csproj", "{10D49C1C-22CF-44C0-8438-66A4C6C258E9}"
EndProject
Project("{9A19103F-16F7-4668-BE54-9A1E7A4F7556}") = "Q10", "Q10\Q10.csproj", "{92DEF879-2BBD-400F-99F2-A051FB311BEB}"
EndProject
Project("{FAE04EC0-301F-11D3-BF4B-00C04F79EFBC}") = "Q11", "Q11\Q11.csproj", "{BC078F1D-5D38-4B1A-9AE5-6997429301F5}"
EndProject
Project("{FAE04EC0-301F-11D3-BF4B-00C04F79EFBC}") = "Q12", "Q12\Q12.csproj", "{A1F5EF8A-2497-4041-9643-54C9F87A0F02}"
EndProject
Project("{FAE04EC0-301F-11D3-BF4B-00C04F79EFBC}") = "Q13", "Q13\Q13.csproj", "{764337AA-62C5-4A26-922F-5F2DEA476540}"
EndProject
Project("{FAE04EC0-301F-11D3-BF4B-00C04F79EFBC}") = "Q14", "Q14\Q14.csproj", "{E47A4684-8060-4DCA-961A-378DBE2F0D18}"
EndProject
Project("{FAE04EC0-301F-11D3-BF4B-00C04F79EFBC}") = "Q15", "Q15\Q15.csproj", "{4508BC63-05E9-4AFE-8830-52A51F2243D7}"
EndProject
Project("{FAE04EC0-301F-11D3-BF4B-00C04F79EFBC}") = "Q16", "Q16\Q16.csproj", "{5CFAB84B-5209-49AD-98B3-5A6B9861136D}"
EndProject
Project("{FAE04EC0-301F-11D3-BF4B-00C04F79EFBC}") = "Q17", "Q17\Q17.csproj", "{F9F0B692-4EE5-4ABA-B742-D2615F20894C}"
EndProject
Project("{FAE04EC0-301F-11D3-BF4B-00C04F79EFBC}") = "Q18", "Q18\Q18.csproj", "{583F356B-FBDE-42C5-A25C-2CDD79F1E15F}"
EndProject
Project("{FAE04EC0-301F-11D3-BF4B-00C04F79EFBC}") = "Q19", "Q19\Q19.csproj", "{89157DA3-1BAF-462F-84F3-E085C9E8CF45}"
EndProject
Project("{FAE04EC0-301F-11D3-BF4B-00C04F79EFBC}") = "Q20", "Q20\Q20.csproj", "{6DB1E7B4-80FF-4A25-A78F-6F53774507F7}"
EndProject
Global
	GlobalSection(SolutionConfigurationPlatforms) = preSolution
		Debug|Any CPU = Debug|Any CPU
		Release|Any CPU = Release|Any CPU
	EndGlobalSection
	GlobalSection(ProjectConfigurationPlatforms) = postSolution
		{A9657F7B-B8CD-461A-A90D-A8358DCAAA5A}.Debug|Any CPU.ActiveCfg = Debug|Any CPU
		{A9657F7B-B8CD-461A-A90D-A8358DCAAA5A}.Debug|Any CPU.Build.0 = Debug|Any CPU
		{A9657F7B-B8CD-461A-A90D-A8358DCAAA5A}.Release|Any CPU.ActiveCfg = Release|Any CPU
		{A9657F7B-B8CD-461A-A90D-A8358DCAAA5A}.Release|Any CPU.Build.0 = Release|Any CPU
		{76FC6EB9-6D24-4968-9581-03032F251AD5}.Debug|Any CPU.ActiveCfg = Debug|Any CPU
		{76FC6EB9-6D24-4968-9581-03032F251AD5}.Debug|Any CPU.Build.0 = Debug|Any CPU
		{76FC6EB9-6D24-4968-9581-03032F251AD5}.Release|Any CPU.ActiveCfg = Release|Any CPU
		{76FC6EB9-6D24-4968-9581-03032F251AD5}.Release|Any CPU.Build.0 = Release|Any CPU
		{D65BC192-B857-43E2-B0E9-60FECB171443}.Debug|Any CPU.ActiveCfg = Debug|Any CPU
		{D65BC192-B857-43E2-B0E9-60FECB171443}.Debug|Any CPU.Build.0 = Debug|Any CPU
		{D65BC192-B857-43E2-B0E9-60FECB171443}.Release|Any CPU.ActiveCfg = Release|Any CPU
		{D65BC192-B857-43E2-B0E9-60FECB171443}.Release|Any CPU.Build.0 = Release|Any CPU
		{E2DDD123-BFDC-473B-965B-1247A172C771}.Debug|Any CPU.ActiveCfg = Debug|Any CPU
		{E2DDD123-BFDC-473B-965B-1247A172C771}.Debug|Any CPU.Build.0 = Debug|Any CPU
		{E2DDD123-BFDC-473B-965B-1247A172C771}.Release|Any CPU.ActiveCfg = Release|Any CPU
		{E2DDD123-BFDC-473B-965B-1247A172C771}.Release|Any CPU.Build.0 = Release|Any CPU
		{BC182227-160C-4EC4-895F-01268265F578}.Debug|Any CPU.ActiveCfg = Debug|Any CPU
		{BC182227-160C-4EC4-895F-01268265F578}.Debug|Any CPU.Build.0 = Debug|Any CPU
		{BC182227-160C-4EC4-895F-01268265F578}.Release|Any CPU.ActiveCfg = Release|Any CPU
		{BC182227-160C-4EC4-895F-01268265F578}.Release|Any CPU.Build.0 = Release|Any CPU
		{C4F980A6-FACD-4257-804B-1B4195572547}.Debug|Any CPU.ActiveCfg = Debug|Any CPU
		{C4F980A6-FACD-4257-804B-1B4195572547}.Debug|Any CPU.Build.0 = Debug|Any CPU
		{C4F980A6-FACD-4257-804B-1B4195572547}.Release|Any CPU.ActiveCfg = Release|Any CPU
		{C4F980A6-FACD-4257-804B-1B4195572547}.Release|Any CPU.Build.0 = Release|Any CPU
		{AB908F2A-B2CB-440F-AED1-93C0E12CB337}.Debug|Any CPU.ActiveCfg = Debug|Any CPU
		{AB908F2A-B2CB-440F-AED1-93C0E12CB337}.Debug|Any CPU.Build.0 = Debug|Any CPU
		{AB908F2A-B2CB-440F-AED1-93C0E12CB337}.Release|Any CPU.ActiveCfg = Release|Any CPU
		{AB908F2A-B2CB-440F-AED1-93C0E12CB337}.Release|Any CPU.Build.0 = Release|Any CPU
		{1A9B6B65-3A30-4A7D-BBB0-BD4F7BB8A3ED}.Debug|Any CPU.ActiveCfg = Debug|Any CPU
		{1A9B6B65-3A30-4A7D-BBB0-BD4F7BB8A3ED}.Debug|Any CPU.Build.0 = Debug|Any CPU
		{1A9B6B65-3A30-4A7D-BBB0-BD4F7BB8A3ED}.Release|Any CPU.ActiveCfg = Release|Any CPU
		{1A9B6B65-3A30-4A7D-BBB0-BD4F7BB8A3ED}.Release|Any CPU.Build.0 = Release|Any CPU
		{10D49C1C-22CF-44C0-8438-66A4C6C258E9}.Debug|Any CPU.ActiveCfg = Debug|Any CPU
		{10D49C1C-22CF-44C0-8438-66A4C6C258E9}.Debug|Any CPU.Build.0 = Debug|Any CPU
		{10D49C1C-22CF-44C0-8438-66A4C6C258E9}.Release|Any CPU.ActiveCfg = Release|Any CPU
		{10D49C1C-22CF-44C0-8438-66A4C6C258E9}.Release|Any CPU.Build.0 = Release|Any CPU
		{92DEF879-2BBD-400F-99F2-A051FB311BEB}.Debug|Any CPU.ActiveCfg = Debug|Any CPU
		{92DEF879-2BBD-400F-99F2-A051FB311BEB}.Debug|Any CPU.Build.0 = Debug|Any CPU
		{92DEF879-2BBD-400F-99F2-A051FB311BEB}.Release|Any CPU.ActiveCfg = Release|Any CPU
		{92DEF879-2BBD-400F-99F2-A051FB311BEB}.Release|Any CPU.Build.0 = Release|Any CPU
		{BC078F1D-5D38-4B1A-9AE5-6997429301F5}.Debug|Any CPU.ActiveCfg = Debug|Any CPU
		{BC078F1D-5D38-4B1A-9AE5-6997429301F5}.Debug|Any CPU.Build.0 = Debug|Any CPU
		{BC078F1D-5D38-4B1A-9AE5-6997429301F5}.Release|Any CPU.ActiveCfg = Release|Any CPU
		{BC078F1D-5D38-4B1A-9AE5-6997429301F5}.Release|Any CPU.Build.0 = Release|Any CPU
		{A1F5EF8A-2497-4041-9643-54C9F87A0F02}.Debug|Any CPU.ActiveCfg = Debug|Any CPU
		{A1F5EF8A-2497-4041-9643-54C9F87A0F02}.Debug|Any CPU.Build.0 = Debug|Any CPU
		{A1F5EF8A-2497-4041-9643-54C9F87A0F02}.Release|Any CPU.ActiveCfg = Release|Any CPU
		{A1F5EF8A-2497-4041-9643-54C9F87A0F02}.Release|Any CPU.Build.0 = Release|Any CPU
		{764337AA-62C5-4A26-922F-5F2DEA476540}.Debug|Any CPU.ActiveCfg = Debug|Any CPU
		{764337AA-62C5-4A26-922F-5F2DEA476540}.Debug|Any CPU.Build.0 = Debug|Any CPU
		{764337AA-62C5-4A26-922F-5F2DEA476540}.Release|Any CPU.ActiveCfg = Release|Any CPU
		{764337AA-62C5-4A26-922F-5F2DEA476540}.Release|Any CPU.Build.0 = Release|Any CPU
		{E47A4684-8060-4DCA-961A-378DBE2F0D18}.Debug|Any CPU.ActiveCfg = Debug|Any CPU
		{E47A4684-8060-4DCA-961A-378DBE2F0D18}.Debug|Any CPU.Build.0 = Debug|Any CPU
		{E47A4684-8060-4DCA-961A-378DBE2F0D18}.Release|Any CPU.ActiveCfg = Release|Any CPU
		{E47A4684-8060-4DCA-961A-378DBE2F0D18}.Release|Any CPU.Build.0 = Release|Any CPU
		{4508BC63-05E9-4AFE-8830-52A51F2243D7}.Debug|Any CPU.ActiveCfg = Debug|Any CPU
		{4508BC63-05E9-4AFE-8830-52A51F2243D7}.Debug|Any CPU.Build.0 = Debug|Any CPU
		{4508BC63-05E9-4AFE-8830-52A51F2243D7}.Release|Any CPU.ActiveCfg = Release|Any CPU
		{4508BC63-05E9-4AFE-8830-52A51F2243D7}.Release|Any CPU.Build.0 = Release|Any CPU
		{5CFAB84B-5209-49AD-98B3-5A6B9861136D}.Debug|Any CPU.ActiveCfg = Debug|Any CPU
		{5CFAB84B-5209-49AD-98B3-5A6B9861136D}.Debug|Any CPU.Build.0 = Debug|Any CPU
		{5CFAB84B-5209-49AD-98B3-5A6B9861136D}.Release|Any CPU.ActiveCfg = Release|Any CPU
		{5CFAB84B-5209-49AD-98B3-5A6B9861136D}.Release|Any CPU.Build.0 = Release|Any CPU
		{F9F0B692-4EE5-4ABA-B742-D2615F20894C}.Debug|Any CPU.ActiveCfg = Debug|Any CPU
		{F9F0B692-4EE5-4ABA-B742-D2615F20894C}.Debug|Any CPU.Build.0 = Debug|Any CPU
		{F9F0B692-4EE5-4ABA-B742-D2615F20894C}.Release|Any CPU.ActiveCfg = Release|Any CPU
		{F9F0B692-4EE5-4ABA-B742-D2615F20894C}.Release|Any CPU.Build.0 = Release|Any CPU
		{583F356B-FBDE-42C5-A25C-2CDD79F1E15F}.Debug|Any CPU.ActiveCfg = Debug|Any CPU
		{583F356B-FBDE-42C5-A25C-2CDD79F1E15F}.Debug|Any CPU.Build.0 = Debug|Any CPU
		{583F356B-FBDE-42C5-A25C-2CDD79F1E15F}.Release|Any CPU.ActiveCfg = Release|Any CPU
		{583F356B-FBDE-42C5-A25C-2CDD79F1E15F}.Release|Any CPU.Build.0 = Release|Any CPU
		{89157DA3-1BAF-462F-84F3-E085C9E8CF45}.Debug|Any CPU.ActiveCfg = Debug|Any CPU
		{89157DA3-1BAF-462F-84F3-E085C9E8CF45}.Debug|Any CPU.Build.0 = Debug|Any CPU
		{89157DA3-1BAF-462F-84F3-E085C9E8CF45}.Release|Any CPU.ActiveCfg = Release|Any CPU
		{89157DA3-1BAF-462F-84F3-E085C9E8CF45}.Release|Any CPU.Build.0 = Release|Any CPU
		{6DB1E7B4-80FF-4A25-A78F-6F53774507F7}.Debug|Any CPU.ActiveCfg = Debug|Any CPU
		{6DB1E7B4-80FF-4A25-A78F-6F53774507F7}.Debug|Any CPU.Build.0 = Debug|Any CPU
		{6DB1E7B4-80FF-4A25-A78F-6F53774507F7}.Release|Any CPU.ActiveCfg = Release|Any CPU
		{6DB1E7B4-80FF-4A25-A78F-6F53774507F7}.Release|Any CPU.Build.0 = Release|Any CPU
	EndGlobalSection
	GlobalSection(SolutionProperties) = preSolution
		HideSolutionNode = FALSE
	EndGlobalSection
	GlobalSection(ExtensibilityGlobals) = postSolution
		SolutionGuid = {4989BB2C-063D-49A2-8D0E-C292F0CF00C8}
	EndGlobalSection
EndGlobal
