
Microsoft Visual Studio Solution File, Format Version 12.00
# Visual Studio Version 16
VisualStudioVersion = 16.0.29911.84
MinimumVisualStudioVersion = 10.0.40219.1
Project("{FAE04EC0-301F-11D3-BF4B-00C04F79EFBC}") = "Assignment5P2Q1", "Assignment5Q1\Assignment5P2Q1.csproj", "{49F02CE7-4B6C-49F8-83C9-AAA123CAFB09}"
EndProject
Project("{FAE04EC0-301F-11D3-BF4B-00C04F79EFBC}") = "P1Q4", "P2Q2\P1Q4.csproj", "{96EF8588-66C3-488F-B0A1-0FAE88FF1F25}"
EndProject
Project("{FAE04EC0-301F-11D3-BF4B-00C04F79EFBC}") = "P1Q7", "Q6\P1Q7.csproj", "{22F67A1D-832D-4D15-A7BB-F09D08F149A8}"
EndProject
Project("{FAE04EC0-301F-11D3-BF4B-00C04F79EFBC}") = "P1Q3", "P1Q5\P1Q3.csproj", "{3E117E68-B60A-404C-B8BD-F7828F20FC8C}"
EndProject
Project("{FAE04EC0-301F-11D3-BF4B-00C04F79EFBC}") = "P2Q4", "P2Q4\P2Q4.csproj", "{8542F00E-2AF4-48DD-8BA0-BD3577D9662E}"
EndProject
Project("{FAE04EC0-301F-11D3-BF4B-00C04F79EFBC}") = "P2Q9", "P2Q9\P2Q9.csproj", "{4C764A95-4A86-41AC-AEF8-3DD5BB947640}"
EndProject
Project("{FAE04EC0-301F-11D3-BF4B-00C04F79EFBC}") = "P1Q5", "P2Q5\P1Q5.csproj", "{EA269482-9703-46A3-9FB4-27FB2EC396D5}"
EndProject
Project("{FAE04EC0-301F-11D3-BF4B-00C04F79EFBC}") = "P2Q6", "P2Q6\P2Q6.csproj", "{785D29D4-B878-4FD2-93D6-3BA82B75C5CB}"
EndProject
Project("{FAE04EC0-301F-11D3-BF4B-00C04F79EFBC}") = "P2Q8", "P2Q8\P2Q8.csproj", "{73464287-3F21-4BFF-8FF6-D464B9721EA2}"
EndProject
Project("{FAE04EC0-301F-11D3-BF4B-00C04F79EFBC}") = "P2Q10", "P2Q10\P2Q10.csproj", "{213523C9-4AA6-49CE-8D67-F967228376FF}"
EndProject
Project("{FAE04EC0-301F-11D3-BF4B-00C04F79EFBC}") = "P1Q6", "P1Q6\P1Q6.csproj", "{85176DB6-C47F-4E6A-8531-D8057DBF5AD7}"
EndProject
Project("{FAE04EC0-301F-11D3-BF4B-00C04F79EFBC}") = "P1Q1", "P1Q1\P1Q1.csproj", "{C182CDE0-78A9-44DA-B742-8A88BD1D9E54}"
EndProject
Project("{FAE04EC0-301F-11D3-BF4B-00C04F79EFBC}") = "P1Q2", "P1Q2\P1Q2.csproj", "{859D9119-FC6F-4FF8-BD60-9B747DBFCF69}"
EndProject
Project("{FAE04EC0-301F-11D3-BF4B-00C04F79EFBC}") = "P2Q2@", "P2Q2@\P2Q2@.csproj", "{48D4E12D-8113-49D6-9F39-FD059D80470C}"
EndProject
Project("{FAE04EC0-301F-11D3-BF4B-00C04F79EFBC}") = "P2Q3", "P2Q3\P2Q3.csproj", "{543400D7-1BA8-4503-8F75-96C73B57CA13}"
EndProject
Project("{FAE04EC0-301F-11D3-BF4B-00C04F79EFBC}") = "P2Q5@", "P2Q5@\P2Q5@.csproj", "{DE842122-648A-4965-B0E0-C2730AC436C2}"
EndProject
Project("{FAE04EC0-301F-11D3-BF4B-00C04F79EFBC}") = "Y_pattern", "Y_pattern\Y_pattern.csproj", "{44B94BD1-9E54-430E-908E-9365DB28FFA0}"
EndProject
Global
	GlobalSection(SolutionConfigurationPlatforms) = preSolution
		Debug|Any CPU = Debug|Any CPU
		Release|Any CPU = Release|Any CPU
	EndGlobalSection
	GlobalSection(ProjectConfigurationPlatforms) = postSolution
		{49F02CE7-4B6C-49F8-83C9-AAA123CAFB09}.Debug|Any CPU.ActiveCfg = Debug|Any CPU
		{49F02CE7-4B6C-49F8-83C9-AAA123CAFB09}.Debug|Any CPU.Build.0 = Debug|Any CPU
		{49F02CE7-4B6C-49F8-83C9-AAA123CAFB09}.Release|Any CPU.ActiveCfg = Release|Any CPU
		{49F02CE7-4B6C-49F8-83C9-AAA123CAFB09}.Release|Any CPU.Build.0 = Release|Any CPU
		{96EF8588-66C3-488F-B0A1-0FAE88FF1F25}.Debug|Any CPU.ActiveCfg = Debug|Any CPU
		{96EF8588-66C3-488F-B0A1-0FAE88FF1F25}.Debug|Any CPU.Build.0 = Debug|Any CPU
		{96EF8588-66C3-488F-B0A1-0FAE88FF1F25}.Release|Any CPU.ActiveCfg = Release|Any CPU
		{96EF8588-66C3-488F-B0A1-0FAE88FF1F25}.Release|Any CPU.Build.0 = Release|Any CPU
		{22F67A1D-832D-4D15-A7BB-F09D08F149A8}.Debug|Any CPU.ActiveCfg = Debug|Any CPU
		{22F67A1D-832D-4D15-A7BB-F09D08F149A8}.Debug|Any CPU.Build.0 = Debug|Any CPU
		{22F67A1D-832D-4D15-A7BB-F09D08F149A8}.Release|Any CPU.ActiveCfg = Release|Any CPU
		{22F67A1D-832D-4D15-A7BB-F09D08F149A8}.Release|Any CPU.Build.0 = Release|Any CPU
		{3E117E68-B60A-404C-B8BD-F7828F20FC8C}.Debug|Any CPU.ActiveCfg = Debug|Any CPU
		{3E117E68-B60A-404C-B8BD-F7828F20FC8C}.Debug|Any CPU.Build.0 = Debug|Any CPU
		{3E117E68-B60A-404C-B8BD-F7828F20FC8C}.Release|Any CPU.ActiveCfg = Release|Any CPU
		{3E117E68-B60A-404C-B8BD-F7828F20FC8C}.Release|Any CPU.Build.0 = Release|Any CPU
		{8542F00E-2AF4-48DD-8BA0-BD3577D9662E}.Debug|Any CPU.ActiveCfg = Debug|Any CPU
		{8542F00E-2AF4-48DD-8BA0-BD3577D9662E}.Debug|Any CPU.Build.0 = Debug|Any CPU
		{8542F00E-2AF4-48DD-8BA0-BD3577D9662E}.Release|Any CPU.ActiveCfg = Release|Any CPU
		{8542F00E-2AF4-48DD-8BA0-BD3577D9662E}.Release|Any CPU.Build.0 = Release|Any CPU
		{4C764A95-4A86-41AC-AEF8-3DD5BB947640}.Debug|Any CPU.ActiveCfg = Debug|Any CPU
		{4C764A95-4A86-41AC-AEF8-3DD5BB947640}.Debug|Any CPU.Build.0 = Debug|Any CPU
		{4C764A95-4A86-41AC-AEF8-3DD5BB947640}.Release|Any CPU.ActiveCfg = Release|Any CPU
		{4C764A95-4A86-41AC-AEF8-3DD5BB947640}.Release|Any CPU.Build.0 = Release|Any CPU
		{EA269482-9703-46A3-9FB4-27FB2EC396D5}.Debug|Any CPU.ActiveCfg = Debug|Any CPU
		{EA269482-9703-46A3-9FB4-27FB2EC396D5}.Debug|Any CPU.Build.0 = Debug|Any CPU
		{EA269482-9703-46A3-9FB4-27FB2EC396D5}.Release|Any CPU.ActiveCfg = Release|Any CPU
		{EA269482-9703-46A3-9FB4-27FB2EC396D5}.Release|Any CPU.Build.0 = Release|Any CPU
		{785D29D4-B878-4FD2-93D6-3BA82B75C5CB}.Debug|Any CPU.ActiveCfg = Debug|Any CPU
		{785D29D4-B878-4FD2-93D6-3BA82B75C5CB}.Debug|Any CPU.Build.0 = Debug|Any CPU
		{785D29D4-B878-4FD2-93D6-3BA82B75C5CB}.Release|Any CPU.ActiveCfg = Release|Any CPU
		{785D29D4-B878-4FD2-93D6-3BA82B75C5CB}.Release|Any CPU.Build.0 = Release|Any CPU
		{73464287-3F21-4BFF-8FF6-D464B9721EA2}.Debug|Any CPU.ActiveCfg = Debug|Any CPU
		{73464287-3F21-4BFF-8FF6-D464B9721EA2}.Debug|Any CPU.Build.0 = Debug|Any CPU
		{73464287-3F21-4BFF-8FF6-D464B9721EA2}.Release|Any CPU.ActiveCfg = Release|Any CPU
		{73464287-3F21-4BFF-8FF6-D464B9721EA2}.Release|Any CPU.Build.0 = Release|Any CPU
		{213523C9-4AA6-49CE-8D67-F967228376FF}.Debug|Any CPU.ActiveCfg = Debug|Any CPU
		{213523C9-4AA6-49CE-8D67-F967228376FF}.Debug|Any CPU.Build.0 = Debug|Any CPU
		{213523C9-4AA6-49CE-8D67-F967228376FF}.Release|Any CPU.ActiveCfg = Release|Any CPU
		{213523C9-4AA6-49CE-8D67-F967228376FF}.Release|Any CPU.Build.0 = Release|Any CPU
		{85176DB6-C47F-4E6A-8531-D8057DBF5AD7}.Debug|Any CPU.ActiveCfg = Debug|Any CPU
		{85176DB6-C47F-4E6A-8531-D8057DBF5AD7}.Debug|Any CPU.Build.0 = Debug|Any CPU
		{85176DB6-C47F-4E6A-8531-D8057DBF5AD7}.Release|Any CPU.ActiveCfg = Release|Any CPU
		{85176DB6-C47F-4E6A-8531-D8057DBF5AD7}.Release|Any CPU.Build.0 = Release|Any CPU
		{C182CDE0-78A9-44DA-B742-8A88BD1D9E54}.Debug|Any CPU.ActiveCfg = Debug|Any CPU
		{C182CDE0-78A9-44DA-B742-8A88BD1D9E54}.Debug|Any CPU.Build.0 = Debug|Any CPU
		{C182CDE0-78A9-44DA-B742-8A88BD1D9E54}.Release|Any CPU.ActiveCfg = Release|Any CPU
		{C182CDE0-78A9-44DA-B742-8A88BD1D9E54}.Release|Any CPU.Build.0 = Release|Any CPU
		{859D9119-FC6F-4FF8-BD60-9B747DBFCF69}.Debug|Any CPU.ActiveCfg = Debug|Any CPU
		{859D9119-FC6F-4FF8-BD60-9B747DBFCF69}.Debug|Any CPU.Build.0 = Debug|Any CPU
		{859D9119-FC6F-4FF8-BD60-9B747DBFCF69}.Release|Any CPU.ActiveCfg = Release|Any CPU
		{859D9119-FC6F-4FF8-BD60-9B747DBFCF69}.Release|Any CPU.Build.0 = Release|Any CPU
		{48D4E12D-8113-49D6-9F39-FD059D80470C}.Debug|Any CPU.ActiveCfg = Debug|Any CPU
		{48D4E12D-8113-49D6-9F39-FD059D80470C}.Debug|Any CPU.Build.0 = Debug|Any CPU
		{48D4E12D-8113-49D6-9F39-FD059D80470C}.Release|Any CPU.ActiveCfg = Release|Any CPU
		{48D4E12D-8113-49D6-9F39-FD059D80470C}.Release|Any CPU.Build.0 = Release|Any CPU
		{543400D7-1BA8-4503-8F75-96C73B57CA13}.Debug|Any CPU.ActiveCfg = Debug|Any CPU
		{543400D7-1BA8-4503-8F75-96C73B57CA13}.Debug|Any CPU.Build.0 = Debug|Any CPU
		{543400D7-1BA8-4503-8F75-96C73B57CA13}.Release|Any CPU.ActiveCfg = Release|Any CPU
		{543400D7-1BA8-4503-8F75-96C73B57CA13}.Release|Any CPU.Build.0 = Release|Any CPU
		{DE842122-648A-4965-B0E0-C2730AC436C2}.Debug|Any CPU.ActiveCfg = Debug|Any CPU
		{DE842122-648A-4965-B0E0-C2730AC436C2}.Debug|Any CPU.Build.0 = Debug|Any CPU
		{DE842122-648A-4965-B0E0-C2730AC436C2}.Release|Any CPU.ActiveCfg = Release|Any CPU
		{DE842122-648A-4965-B0E0-C2730AC436C2}.Release|Any CPU.Build.0 = Release|Any CPU
		{44B94BD1-9E54-430E-908E-9365DB28FFA0}.Debug|Any CPU.ActiveCfg = Debug|Any CPU
		{44B94BD1-9E54-430E-908E-9365DB28FFA0}.Debug|Any CPU.Build.0 = Debug|Any CPU
		{44B94BD1-9E54-430E-908E-9365DB28FFA0}.Release|Any CPU.ActiveCfg = Release|Any CPU
		{44B94BD1-9E54-430E-908E-9365DB28FFA0}.Release|Any CPU.Build.0 = Release|Any CPU
	EndGlobalSection
	GlobalSection(SolutionProperties) = preSolution
		HideSolutionNode = FALSE
	EndGlobalSection
	GlobalSection(ExtensibilityGlobals) = postSolution
		SolutionGuid = {1E7A13BA-C93D-4771-96F9-D84FB83381ED}
	EndGlobalSection
EndGlobal
