
Microsoft Visual Studio Solution File, Format Version 12.00
# Visual Studio Version 16
VisualStudioVersion = 16.0.29911.84
MinimumVisualStudioVersion = 10.0.40219.1
Project("{9A19103F-16F7-4668-BE54-9A1E7A4F7556}") = "Assignment 10 Q1", "Assignment 10 Q1\Assignment 10 Q1.csproj", "{CFD0EE9A-4B82-4428-BA49-2F040C89A72D}"
EndProject
Project("{9A19103F-16F7-4668-BE54-9A1E7A4F7556}") = "Q2", "Q2\Q2.csproj", "{9A91052C-96A5-44EE-95A8-899F0DFF8E8D}"
EndProject
Project("{9A19103F-16F7-4668-BE54-9A1E7A4F7556}") = "Q3", "Q3\Q3.csproj", "{1AC377F8-EF90-4E08-B3D3-C39FA4BA30D9}"
EndProject
Project("{9A19103F-16F7-4668-BE54-9A1E7A4F7556}") = "Q4", "Q4\Q4.csproj", "{B8D5A928-59B3-40E9-A88B-F6C714DE4060}"
EndProject
Project("{9A19103F-16F7-4668-BE54-9A1E7A4F7556}") = "Q6", "Q6\Q6.csproj", "{48303716-16C0-4270-98B1-AF77357C0B2C}"
EndProject
Project("{9A19103F-16F7-4668-BE54-9A1E7A4F7556}") = "Q7", "Q7\Q7.csproj", "{C1FAB4FA-E406-46E4-BE03-49587D892FF2}"
EndProject
Project("{9A19103F-16F7-4668-BE54-9A1E7A4F7556}") = "Q8", "Q8\Q8.csproj", "{CBAE7E78-1214-4D05-82DF-C621B54BC007}"
EndProject
Project("{9A19103F-16F7-4668-BE54-9A1E7A4F7556}") = "Q9", "Q9\Q9.csproj", "{8FEFF841-B309-45FB-9A52-3320CA4C9476}"
EndProject
Project("{9A19103F-16F7-4668-BE54-9A1E7A4F7556}") = "Q10", "Q10\Q10.csproj", "{AC78AB93-83FD-490B-9A51-AFCDBB8F171F}"
EndProject
Project("{FAE04EC0-301F-11D3-BF4B-00C04F79EFBC}") = "Q11", "Q11\Q11.csproj", "{130CBEB4-3650-414A-A2FE-9A6A9616587A}"
EndProject
Project("{FAE04EC0-301F-11D3-BF4B-00C04F79EFBC}") = "Q12", "Q12\Q12.csproj", "{C0F0AE2C-BD21-4D13-B052-DC3C1772E86C}"
EndProject
Project("{FAE04EC0-301F-11D3-BF4B-00C04F79EFBC}") = "Q13", "Q13\Q13.csproj", "{0AA97FE5-A0DF-43B3-BC03-05239F6CD4EB}"
EndProject
Global
	GlobalSection(SolutionConfigurationPlatforms) = preSolution
		Debug|Any CPU = Debug|Any CPU
		Release|Any CPU = Release|Any CPU
	EndGlobalSection
	GlobalSection(ProjectConfigurationPlatforms) = postSolution
		{CFD0EE9A-4B82-4428-BA49-2F040C89A72D}.Debug|Any CPU.ActiveCfg = Debug|Any CPU
		{CFD0EE9A-4B82-4428-BA49-2F040C89A72D}.Debug|Any CPU.Build.0 = Debug|Any CPU
		{CFD0EE9A-4B82-4428-BA49-2F040C89A72D}.Release|Any CPU.ActiveCfg = Release|Any CPU
		{CFD0EE9A-4B82-4428-BA49-2F040C89A72D}.Release|Any CPU.Build.0 = Release|Any CPU
		{9A91052C-96A5-44EE-95A8-899F0DFF8E8D}.Debug|Any CPU.ActiveCfg = Debug|Any CPU
		{9A91052C-96A5-44EE-95A8-899F0DFF8E8D}.Debug|Any CPU.Build.0 = Debug|Any CPU
		{9A91052C-96A5-44EE-95A8-899F0DFF8E8D}.Release|Any CPU.ActiveCfg = Release|Any CPU
		{9A91052C-96A5-44EE-95A8-899F0DFF8E8D}.Release|Any CPU.Build.0 = Release|Any CPU
		{1AC377F8-EF90-4E08-B3D3-C39FA4BA30D9}.Debug|Any CPU.ActiveCfg = Debug|Any CPU
		{1AC377F8-EF90-4E08-B3D3-C39FA4BA30D9}.Debug|Any CPU.Build.0 = Debug|Any CPU
		{1AC377F8-EF90-4E08-B3D3-C39FA4BA30D9}.Release|Any CPU.ActiveCfg = Release|Any CPU
		{1AC377F8-EF90-4E08-B3D3-C39FA4BA30D9}.Release|Any CPU.Build.0 = Release|Any CPU
		{B8D5A928-59B3-40E9-A88B-F6C714DE4060}.Debug|Any CPU.ActiveCfg = Debug|Any CPU
		{B8D5A928-59B3-40E9-A88B-F6C714DE4060}.Debug|Any CPU.Build.0 = Debug|Any CPU
		{B8D5A928-59B3-40E9-A88B-F6C714DE4060}.Release|Any CPU.ActiveCfg = Release|Any CPU
		{B8D5A928-59B3-40E9-A88B-F6C714DE4060}.Release|Any CPU.Build.0 = Release|Any CPU
		{48303716-16C0-4270-98B1-AF77357C0B2C}.Debug|Any CPU.ActiveCfg = Debug|Any CPU
		{48303716-16C0-4270-98B1-AF77357C0B2C}.Debug|Any CPU.Build.0 = Debug|Any CPU
		{48303716-16C0-4270-98B1-AF77357C0B2C}.Release|Any CPU.ActiveCfg = Release|Any CPU
		{48303716-16C0-4270-98B1-AF77357C0B2C}.Release|Any CPU.Build.0 = Release|Any CPU
		{C1FAB4FA-E406-46E4-BE03-49587D892FF2}.Debug|Any CPU.ActiveCfg = Debug|Any CPU
		{C1FAB4FA-E406-46E4-BE03-49587D892FF2}.Debug|Any CPU.Build.0 = Debug|Any CPU
		{C1FAB4FA-E406-46E4-BE03-49587D892FF2}.Release|Any CPU.ActiveCfg = Release|Any CPU
		{C1FAB4FA-E406-46E4-BE03-49587D892FF2}.Release|Any CPU.Build.0 = Release|Any CPU
		{CBAE7E78-1214-4D05-82DF-C621B54BC007}.Debug|Any CPU.ActiveCfg = Debug|Any CPU
		{CBAE7E78-1214-4D05-82DF-C621B54BC007}.Debug|Any CPU.Build.0 = Debug|Any CPU
		{CBAE7E78-1214-4D05-82DF-C621B54BC007}.Release|Any CPU.ActiveCfg = Release|Any CPU
		{CBAE7E78-1214-4D05-82DF-C621B54BC007}.Release|Any CPU.Build.0 = Release|Any CPU
		{8FEFF841-B309-45FB-9A52-3320CA4C9476}.Debug|Any CPU.ActiveCfg = Debug|Any CPU
		{8FEFF841-B309-45FB-9A52-3320CA4C9476}.Debug|Any CPU.Build.0 = Debug|Any CPU
		{8FEFF841-B309-45FB-9A52-3320CA4C9476}.Release|Any CPU.ActiveCfg = Release|Any CPU
		{8FEFF841-B309-45FB-9A52-3320CA4C9476}.Release|Any CPU.Build.0 = Release|Any CPU
		{AC78AB93-83FD-490B-9A51-AFCDBB8F171F}.Debug|Any CPU.ActiveCfg = Debug|Any CPU
		{AC78AB93-83FD-490B-9A51-AFCDBB8F171F}.Debug|Any CPU.Build.0 = Debug|Any CPU
		{AC78AB93-83FD-490B-9A51-AFCDBB8F171F}.Release|Any CPU.ActiveCfg = Release|Any CPU
		{AC78AB93-83FD-490B-9A51-AFCDBB8F171F}.Release|Any CPU.Build.0 = Release|Any CPU
		{130CBEB4-3650-414A-A2FE-9A6A9616587A}.Debug|Any CPU.ActiveCfg = Debug|Any CPU
		{130CBEB4-3650-414A-A2FE-9A6A9616587A}.Debug|Any CPU.Build.0 = Debug|Any CPU
		{130CBEB4-3650-414A-A2FE-9A6A9616587A}.Release|Any CPU.ActiveCfg = Release|Any CPU
		{130CBEB4-3650-414A-A2FE-9A6A9616587A}.Release|Any CPU.Build.0 = Release|Any CPU
		{C0F0AE2C-BD21-4D13-B052-DC3C1772E86C}.Debug|Any CPU.ActiveCfg = Debug|Any CPU
		{C0F0AE2C-BD21-4D13-B052-DC3C1772E86C}.Debug|Any CPU.Build.0 = Debug|Any CPU
		{C0F0AE2C-BD21-4D13-B052-DC3C1772E86C}.Release|Any CPU.ActiveCfg = Release|Any CPU
		{C0F0AE2C-BD21-4D13-B052-DC3C1772E86C}.Release|Any CPU.Build.0 = Release|Any CPU
		{0AA97FE5-A0DF-43B3-BC03-05239F6CD4EB}.Debug|Any CPU.ActiveCfg = Debug|Any CPU
		{0AA97FE5-A0DF-43B3-BC03-05239F6CD4EB}.Debug|Any CPU.Build.0 = Debug|Any CPU
		{0AA97FE5-A0DF-43B3-BC03-05239F6CD4EB}.Release|Any CPU.ActiveCfg = Release|Any CPU
		{0AA97FE5-A0DF-43B3-BC03-05239F6CD4EB}.Release|Any CPU.Build.0 = Release|Any CPU
	EndGlobalSection
	GlobalSection(SolutionProperties) = preSolution
		HideSolutionNode = FALSE
	EndGlobalSection
	GlobalSection(ExtensibilityGlobals) = postSolution
		SolutionGuid = {DFB30980-5C64-472C-BA46-87D0E8350DAE}
	EndGlobalSection
EndGlobal
