
Microsoft Visual Studio Solution File, Format Version 12.00
# Visual Studio Version 16
VisualStudioVersion = 16.0.29911.84
MinimumVisualStudioVersion = 10.0.40219.1
Project("{FAE04EC0-301F-11D3-BF4B-00C04F79EFBC}") = "Assignment 9", "Assignment 9\Assignment 9.csproj", "{6A93D552-F2BC-4E07-AD87-B21A3EB5A3FD}"
EndProject
Project("{FAE04EC0-301F-11D3-BF4B-00C04F79EFBC}") = "Q2", "Q2\Q2.csproj", "{4BB98759-89B6-4ED4-B9C1-CD41F7F976C6}"
EndProject
Project("{FAE04EC0-301F-11D3-BF4B-00C04F79EFBC}") = "Q3", "Q3\Q3.csproj", "{4D2950BC-0D31-4493-BB41-6DB7AA2EBE89}"
EndProject
Project("{FAE04EC0-301F-11D3-BF4B-00C04F79EFBC}") = "Q4", "Q5\Q4.csproj", "{C5EDB91A-12FB-46C5-BA2B-E0EBC8616BBD}"
EndProject
Project("{FAE04EC0-301F-11D3-BF4B-00C04F79EFBC}") = "Q5", "Q5\Q5.csproj", "{66B1E5F6-A430-4745-ABCB-57970D1EE5ED}"
EndProject
Project("{FAE04EC0-301F-11D3-BF4B-00C04F79EFBC}") = "Q6", "Q6\Q6.csproj", "{D4C900A0-C661-4521-9327-579CC69E2AA9}"
EndProject
Project("{FAE04EC0-301F-11D3-BF4B-00C04F79EFBC}") = "Q7", "Q7\Q7.csproj", "{A1B0CC0F-FE20-4C11-B7D7-D5CDBE85BAEC}"
EndProject
Project("{FAE04EC0-301F-11D3-BF4B-00C04F79EFBC}") = "Q8", "Q8\Q8.csproj", "{C833CF58-A0C7-4B6A-86EC-FDB5537813AA}"
EndProject
Global
	GlobalSection(SolutionConfigurationPlatforms) = preSolution
		Debug|Any CPU = Debug|Any CPU
		Release|Any CPU = Release|Any CPU
	EndGlobalSection
	GlobalSection(ProjectConfigurationPlatforms) = postSolution
		{6A93D552-F2BC-4E07-AD87-B21A3EB5A3FD}.Debug|Any CPU.ActiveCfg = Debug|Any CPU
		{6A93D552-F2BC-4E07-AD87-B21A3EB5A3FD}.Debug|Any CPU.Build.0 = Debug|Any CPU
		{6A93D552-F2BC-4E07-AD87-B21A3EB5A3FD}.Release|Any CPU.ActiveCfg = Release|Any CPU
		{6A93D552-F2BC-4E07-AD87-B21A3EB5A3FD}.Release|Any CPU.Build.0 = Release|Any CPU
		{4BB98759-89B6-4ED4-B9C1-CD41F7F976C6}.Debug|Any CPU.ActiveCfg = Debug|Any CPU
		{4BB98759-89B6-4ED4-B9C1-CD41F7F976C6}.Debug|Any CPU.Build.0 = Debug|Any CPU
		{4BB98759-89B6-4ED4-B9C1-CD41F7F976C6}.Release|Any CPU.ActiveCfg = Release|Any CPU
		{4BB98759-89B6-4ED4-B9C1-CD41F7F976C6}.Release|Any CPU.Build.0 = Release|Any CPU
		{4D2950BC-0D31-4493-BB41-6DB7AA2EBE89}.Debug|Any CPU.ActiveCfg = Debug|Any CPU
		{4D2950BC-0D31-4493-BB41-6DB7AA2EBE89}.Debug|Any CPU.Build.0 = Debug|Any CPU
		{4D2950BC-0D31-4493-BB41-6DB7AA2EBE89}.Release|Any CPU.ActiveCfg = Release|Any CPU
		{4D2950BC-0D31-4493-BB41-6DB7AA2EBE89}.Release|Any CPU.Build.0 = Release|Any CPU
		{C5EDB91A-12FB-46C5-BA2B-E0EBC8616BBD}.Debug|Any CPU.ActiveCfg = Debug|Any CPU
		{C5EDB91A-12FB-46C5-BA2B-E0EBC8616BBD}.Debug|Any CPU.Build.0 = Debug|Any CPU
		{C5EDB91A-12FB-46C5-BA2B-E0EBC8616BBD}.Release|Any CPU.ActiveCfg = Release|Any CPU
		{C5EDB91A-12FB-46C5-BA2B-E0EBC8616BBD}.Release|Any CPU.Build.0 = Release|Any CPU
		{66B1E5F6-A430-4745-ABCB-57970D1EE5ED}.Debug|Any CPU.ActiveCfg = Debug|Any CPU
		{66B1E5F6-A430-4745-ABCB-57970D1EE5ED}.Debug|Any CPU.Build.0 = Debug|Any CPU
		{66B1E5F6-A430-4745-ABCB-57970D1EE5ED}.Release|Any CPU.ActiveCfg = Release|Any CPU
		{66B1E5F6-A430-4745-ABCB-57970D1EE5ED}.Release|Any CPU.Build.0 = Release|Any CPU
		{D4C900A0-C661-4521-9327-579CC69E2AA9}.Debug|Any CPU.ActiveCfg = Debug|Any CPU
		{D4C900A0-C661-4521-9327-579CC69E2AA9}.Debug|Any CPU.Build.0 = Debug|Any CPU
		{D4C900A0-C661-4521-9327-579CC69E2AA9}.Release|Any CPU.ActiveCfg = Release|Any CPU
		{D4C900A0-C661-4521-9327-579CC69E2AA9}.Release|Any CPU.Build.0 = Release|Any CPU
		{A1B0CC0F-FE20-4C11-B7D7-D5CDBE85BAEC}.Debug|Any CPU.ActiveCfg = Debug|Any CPU
		{A1B0CC0F-FE20-4C11-B7D7-D5CDBE85BAEC}.Debug|Any CPU.Build.0 = Debug|Any CPU
		{A1B0CC0F-FE20-4C11-B7D7-D5CDBE85BAEC}.Release|Any CPU.ActiveCfg = Release|Any CPU
		{A1B0CC0F-FE20-4C11-B7D7-D5CDBE85BAEC}.Release|Any CPU.Build.0 = Release|Any CPU
		{C833CF58-A0C7-4B6A-86EC-FDB5537813AA}.Debug|Any CPU.ActiveCfg = Debug|Any CPU
		{C833CF58-A0C7-4B6A-86EC-FDB5537813AA}.Debug|Any CPU.Build.0 = Debug|Any CPU
		{C833CF58-A0C7-4B6A-86EC-FDB5537813AA}.Release|Any CPU.ActiveCfg = Release|Any CPU
		{C833CF58-A0C7-4B6A-86EC-FDB5537813AA}.Release|Any CPU.Build.0 = Release|Any CPU
	EndGlobalSection
	GlobalSection(SolutionProperties) = preSolution
		HideSolutionNode = FALSE
	EndGlobalSection
	GlobalSection(ExtensibilityGlobals) = postSolution
		SolutionGuid = {DDAC8707-FBE8-4BB3-80BC-2280D4BFB00C}
	EndGlobalSection
EndGlobal
